// !$*UTF8*$!
{
	archiveVersion = 1;
	classes = {
	};
	objectVersion = 48;
	objects = {

/* Begin PBXBuildFile section */
		E60AB58320615F0100CA52D3 /* AppDelegate.swift in Sources */ = {isa = PBXBuildFile; fileRef = E60AB58220615F0100CA52D3 /* AppDelegate.swift */; };
		E60AB58520615F0100CA52D3 /* ViewController.swift in Sources */ = {isa = PBXBuildFile; fileRef = E60AB58420615F0100CA52D3 /* ViewController.swift */; };
		E60AB58820615F0100CA52D3 /* Main.storyboard in Resources */ = {isa = PBXBuildFile; fileRef = E60AB58620615F0100CA52D3 /* Main.storyboard */; };
		E60AB58A20615F0100CA52D3 /* Assets.xcassets in Resources */ = {isa = PBXBuildFile; fileRef = E60AB58920615F0100CA52D3 /* Assets.xcassets */; };
		E60AB58D20615F0100CA52D3 /* LaunchScreen.storyboard in Resources */ = {isa = PBXBuildFile; fileRef = E60AB58B20615F0100CA52D3 /* LaunchScreen.storyboard */; };
		E60AB59820615F0200CA52D3 /* FunWithPaintTests.swift in Sources */ = {isa = PBXBuildFile; fileRef = E60AB59720615F0200CA52D3 /* FunWithPaintTests.swift */; };
		E60AB5A320615F0200CA52D3 /* FunWithPaintUITests.swift in Sources */ = {isa = PBXBuildFile; fileRef = E60AB5A220615F0200CA52D3 /* FunWithPaintUITests.swift */; };
/* End PBXBuildFile section */

/* Begin PBXContainerItemProxy section */
		E60AB59420615F0200CA52D3 /* PBXContainerItemProxy */ = {
			isa = PBXContainerItemProxy;
			containerPortal = E60AB57720615F0100CA52D3 /* Project object */;
			proxyType = 1;
			remoteGlobalIDString = E60AB57E20615F0100CA52D3;
			remoteInfo = FunWithPaint;
		};
		E60AB59F20615F0200CA52D3 /* PBXContainerItemProxy */ = {
			isa = PBXContainerItemProxy;
			containerPortal = E60AB57720615F0100CA52D3 /* Project object */;
			proxyType = 1;
			remoteGlobalIDString = E60AB57E20615F0100CA52D3;
			remoteInfo = FunWithPaint;
		};
/* End PBXContainerItemProxy section */

/* Begin PBXFileReference section */
		E60AB57F20615F0100CA52D3 /* FunWithPaint.app */ = {isa = PBXFileReference; explicitFileType = wrapper.application; includeInIndex = 0; path = FunWithPaint.app; sourceTree = BUILT_PRODUCTS_DIR; };
		E60AB58220615F0100CA52D3 /* AppDelegate.swift */ = {isa = PBXFileReference; lastKnownFileType = sourcecode.swift; path = AppDelegate.swift; sourceTree = "<group>"; };
		E60AB58420615F0100CA52D3 /* ViewController.swift */ = {isa = PBXFileReference; lastKnownFileType = sourcecode.swift; path = ViewController.swift; sourceTree = "<group>"; };
		E60AB58720615F0100CA52D3 /* Base */ = {isa = PBXFileReference; lastKnownFileType = file.storyboard; name = Base; path = Base.lproj/Main.storyboard; sourceTree = "<group>"; };
		E60AB58920615F0100CA52D3 /* Assets.xcassets */ = {isa = PBXFileReference; lastKnownFileType = folder.assetcatalog; path = Assets.xcassets; sourceTree = "<group>"; };
		E60AB58C20615F0100CA52D3 /* Base */ = {isa = PBXFileReference; lastKnownFileType = file.storyboard; name = Base; path = Base.lproj/LaunchScreen.storyboard; sourceTree = "<group>"; };
		E60AB58E20615F0100CA52D3 /* Info.plist */ = {isa = PBXFileReference; lastKnownFileType = text.plist.xml; path = Info.plist; sourceTree = "<group>"; };
		E60AB59320615F0200CA52D3 /* FunWithPaintTests.xctest */ = {isa = PBXFileReference; explicitFileType = wrapper.cfbundle; includeInIndex = 0; path = FunWithPaintTests.xctest; sourceTree = BUILT_PRODUCTS_DIR; };
		E60AB59720615F0200CA52D3 /* FunWithPaintTests.swift */ = {isa = PBXFileReference; lastKnownFileType = sourcecode.swift; path = FunWithPaintTests.swift; sourceTree = "<group>"; };
		E60AB59920615F0200CA52D3 /* Info.plist */ = {isa = PBXFileReference; lastKnownFileType = text.plist.xml; path = Info.plist; sourceTree = "<group>"; };
		E60AB59E20615F0200CA52D3 /* FunWithPaintUITests.xctest */ = {isa = PBXFileReference; explicitFileType = wrapper.cfbundle; includeInIndex = 0; path = FunWithPaintUITests.xctest; sourceTree = BUILT_PRODUCTS_DIR; };
		E60AB5A220615F0200CA52D3 /* FunWithPaintUITests.swift */ = {isa = PBXFileReference; lastKnownFileType = sourcecode.swift; path = FunWithPaintUITests.swift; sourceTree = "<group>"; };
		E60AB5A420615F0200CA52D3 /* Info.plist */ = {isa = PBXFileReference; lastKnownFileType = text.plist.xml; path = Info.plist; sourceTree = "<group>"; };
/* End PBXFileReference section */

/* Begin PBXFrameworksBuildPhase section */
		E60AB57C20615F0100CA52D3 /* Frameworks */ = {
			isa = PBXFrameworksBuildPhase;
			buildActionMask = 2147483647;
			files = (
			);
			runOnlyForDeploymentPostprocessing = 0;
		};
		E60AB59020615F0200CA52D3 /* Frameworks */ = {
			isa = PBXFrameworksBuildPhase;
			buildActionMask = 2147483647;
			files = (
			);
			runOnlyForDeploymentPostprocessing = 0;
		};
		E60AB59B20615F0200CA52D3 /* Frameworks */ = {
			isa = PBXFrameworksBuildPhase;
			buildActionMask = 2147483647;
			files = (
			);
			runOnlyForDeploymentPostprocessing = 0;
		};
/* End PBXFrameworksBuildPhase section */

/* Begin PBXGroup section */
		E60AB57620615F0100CA52D3 = {
			isa = PBXGroup;
			children = (
				E60AB58120615F0100CA52D3 /* FunWithPaint */,
				E60AB59620615F0200CA52D3 /* FunWithPaintTests */,
				E60AB5A120615F0200CA52D3 /* FunWithPaintUITests */,
				E60AB58020615F0100CA52D3 /* Products */,
			);
			sourceTree = "<group>";
		};
		E60AB58020615F0100CA52D3 /* Products */ = {
			isa = PBXGroup;
			children = (
				E60AB57F20615F0100CA52D3 /* FunWithPaint.app */,
				E60AB59320615F0200CA52D3 /* FunWithPaintTests.xctest */,
				E60AB59E20615F0200CA52D3 /* FunWithPaintUITests.xctest */,
			);
			name = Products;
			sourceTree = "<group>";
		};
		E60AB58120615F0100CA52D3 /* FunWithPaint */ = {
			isa = PBXGroup;
			children = (
				E60AB58220615F0100CA52D3 /* AppDelegate.swift */,
				E60AB58420615F0100CA52D3 /* ViewController.swift */,
				E60AB58620615F0100CA52D3 /* Main.storyboard */,
				E60AB58920615F0100CA52D3 /* Assets.xcassets */,
				E60AB58B20615F0100CA52D3 /* LaunchScreen.storyboard */,
				E60AB58E20615F0100CA52D3 /* Info.plist */,
			);
			path = FunWithPaint;
			sourceTree = "<group>";
		};
		E60AB59620615F0200CA52D3 /* FunWithPaintTests */ = {
			isa = PBXGroup;
			children = (
				E60AB59720615F0200CA52D3 /* FunWithPaintTests.swift */,
				E60AB59920615F0200CA52D3 /* Info.plist */,
			);
			path = FunWithPaintTests;
			sourceTree = "<group>";
		};
		E60AB5A120615F0200CA52D3 /* FunWithPaintUITests */ = {
			isa = PBXGroup;
			children = (
				E60AB5A220615F0200CA52D3 /* FunWithPaintUITests.swift */,
				E60AB5A420615F0200CA52D3 /* Info.plist */,
			);
			path = FunWithPaintUITests;
			sourceTree = "<group>";
		};
/* End PBXGroup section */

/* Begin PBXNativeTarget section */
		E60AB57E20615F0100CA52D3 /* FunWithPaint */ = {
			isa = PBXNativeTarget;
			buildConfigurationList = E60AB5A720615F0200CA52D3 /* Build configuration list for PBXNativeTarget "FunWithPaint" */;
			buildPhases = (
				E60AB57B20615F0100CA52D3 /* Sources */,
				E60AB57C20615F0100CA52D3 /* Frameworks */,
				E60AB57D20615F0100CA52D3 /* Resources */,
			);
			buildRules = (
			);
			dependencies = (
			);
			name = FunWithPaint;
			productName = FunWithPaint;
			productReference = E60AB57F20615F0100CA52D3 /* FunWithPaint.app */;
			productType = "com.apple.product-type.application";
		};
		E60AB59220615F0200CA52D3 /* FunWithPaintTests */ = {
			isa = PBXNativeTarget;
			buildConfigurationList = E60AB5AA20615F0300CA52D3 /* Build configuration list for PBXNativeTarget "FunWithPaintTests" */;
			buildPhases = (
				E60AB58F20615F0200CA52D3 /* Sources */,
				E60AB59020615F0200CA52D3 /* Frameworks */,
				E60AB59120615F0200CA52D3 /* Resources */,
			);
			buildRules = (
			);
			dependencies = (
				E60AB59520615F0200CA52D3 /* PBXTargetDependency */,
			);
			name = FunWithPaintTests;
			productName = FunWithPaintTests;
			productReference = E60AB59320615F0200CA52D3 /* FunWithPaintTests.xctest */;
			productType = "com.apple.product-type.bundle.unit-test";
		};
		E60AB59D20615F0200CA52D3 /* FunWithPaintUITests */ = {
			isa = PBXNativeTarget;
			buildConfigurationList = E60AB5AD20615F0300CA52D3 /* Build configuration list for PBXNativeTarget "FunWithPaintUITests" */;
			buildPhases = (
				E60AB59A20615F0200CA52D3 /* Sources */,
				E60AB59B20615F0200CA52D3 /* Frameworks */,
				E60AB59C20615F0200CA52D3 /* Resources */,
			);
			buildRules = (
			);
			dependencies = (
				E60AB5A020615F0200CA52D3 /* PBXTargetDependency */,
			);
			name = FunWithPaintUITests;
			productName = FunWithPaintUITests;
			productReference = E60AB59E20615F0200CA52D3 /* FunWithPaintUITests.xctest */;
			productType = "com.apple.product-type.bundle.ui-testing";
		};
/* End PBXNativeTarget section */

/* Begin PBXProject section */
		E60AB57720615F0100CA52D3 /* Project object */ = {
			isa = PBXProject;
			attributes = {
				LastSwiftUpdateCheck = 0920;
				LastUpgradeCheck = 0920;
				ORGANIZATIONNAME = "Avra Ghosh";
				TargetAttributes = {
					E60AB57E20615F0100CA52D3 = {
						CreatedOnToolsVersion = 9.2;
						ProvisioningStyle = Automatic;
					};
					E60AB59220615F0200CA52D3 = {
						CreatedOnToolsVersion = 9.2;
						ProvisioningStyle = Automatic;
						TestTargetID = E60AB57E20615F0100CA52D3;
					};
					E60AB59D20615F0200CA52D3 = {
						CreatedOnToolsVersion = 9.2;
						ProvisioningStyle = Automatic;
						TestTargetID = E60AB57E20615F0100CA52D3;
					};
				};
			};
			buildConfigurationList = E60AB57A20615F0100CA52D3 /* Build configuration list for PBXProject "FunWithPaint" */;
			compatibilityVersion = "Xcode 8.0";
			developmentRegion = en;
			hasScannedForEncodings = 0;
			knownRegions = (
				en,
				Base,
			);
			mainGroup = E60AB57620615F0100CA52D3;
			productRefGroup = E60AB58020615F0100CA52D3 /* Products */;
			projectDirPath = "";
			projectRoot = "";
			targets = (
				E60AB57E20615F0100CA52D3 /* FunWithPaint */,
				E60AB59220615F0200CA52D3 /* FunWithPaintTests */,
				E60AB59D20615F0200CA52D3 /* FunWithPaintUITests */,
			);
		};
/* End PBXProject section */

/* Begin PBXResourcesBuildPhase section */
		E60AB57D20615F0100CA52D3 /* Resources */ = {
			isa = PBXResourcesBuildPhase;
			buildActionMask = 2147483647;
			files = (
				E60AB58D20615F0100CA52D3 /* LaunchScreen.storyboard in Resources */,
				E60AB58A20615F0100CA52D3 /* Assets.xcassets in Resources */,
				E60AB58820615F0100CA52D3 /* Main.storyboard in Resources */,
			);
			runOnlyForDeploymentPostprocessing = 0;
		};
		E60AB59120615F0200CA52D3 /* Resources */ = {
			isa = PBXResourcesBuildPhase;
			buildActionMask = 2147483647;
			files = (
			);
			runOnlyForDeploymentPostprocessing = 0;
		};
		E60AB59C20615F0200CA52D3 /* Resources */ = {
			isa = PBXResourcesBuildPhase;
			buildActionMask = 2147483647;
			files = (
			);
			runOnlyForDeploymentPostprocessing = 0;
		};
/* End PBXResourcesBuildPhase section */

/* Begin PBXSourcesBuildPhase section */
		E60AB57B20615F0100CA52D3 /* Sources */ = {
			isa = PBXSourcesBuildPhase;
			buildActionMask = 2147483647;
			files = (
				E60AB58520615F0100CA52D3 /* ViewController.swift in Sources */,
				E60AB58320615F0100CA52D3 /* AppDelegate.swift in Sources */,
			);
			runOnlyForDeploymentPostprocessing = 0;
		};
		E60AB58F20615F0200CA52D3 /* Sources */ = {
			isa = PBXSourcesBuildPhase;
			buildActionMask = 2147483647;
			files = (
				E60AB59820615F0200CA52D3 /* FunWithPaintTests.swift in Sources */,
			);
			runOnlyForDeploymentPostprocessing = 0;
		};
		E60AB59A20615F0200CA52D3 /* Sources */ = {
			isa = PBXSourcesBuildPhase;
			buildActionMask = 2147483647;
			files = (
				E60AB5A320615F0200CA52D3 /* FunWithPaintUITests.swift in Sources */,
			);
			runOnlyForDeploymentPostprocessing = 0;
		};
/* End PBXSourcesBuildPhase section */

/* Begin PBXTargetDependency section */
		E60AB59520615F0200CA52D3 /* PBXTargetDependency */ = {
			isa = PBXTargetDependency;
			target = E60AB57E20615F0100CA52D3 /* FunWithPaint */;
			targetProxy = E60AB59420615F0200CA52D3 /* PBXContainerItemProxy */;
		};
		E60AB5A020615F0200CA52D3 /* PBXTargetDependency */ = {
			isa = PBXTargetDependency;
			target = E60AB57E20615F0100CA52D3 /* FunWithPaint */;
			targetProxy = E60AB59F20615F0200CA52D3 /* PBXContainerItemProxy */;
		};
/* End PBXTargetDependency section */

/* Begin PBXVariantGroup section */
		E60AB58620615F0100CA52D3 /* Main.storyboard */ = {
			isa = PBXVariantGroup;
			children = (
				E60AB58720615F0100CA52D3 /* Base */,
			);
			name = Main.storyboard;
			sourceTree = "<group>";
		};
		E60AB58B20615F0100CA52D3 /* LaunchScreen.storyboard */ = {
			isa = PBXVariantGroup;
			children = (
				E60AB58C20615F0100CA52D3 /* Base */,
			);
			name = LaunchScreen.storyboard;
			sourceTree = "<group>";
		};
/* End PBXVariantGroup section */

/* Begin XCBuildConfiguration section */
		E60AB5A520615F0200CA52D3 /* Debug */ = {
			isa = XCBuildConfiguration;
			buildSettings = {
				ALWAYS_SEARCH_USER_PATHS = NO;
				CLANG_ANALYZER_NONNULL = YES;
				CLANG_ANALYZER_NUMBER_OBJECT_CONVERSION = YES_AGGRESSIVE;
				CLANG_CXX_LANGUAGE_STANDARD = "gnu++14";
				CLANG_CXX_LIBRARY = "libc++";
				CLANG_ENABLE_MODULES = YES;
				CLANG_ENABLE_OBJC_ARC = YES;
				CLANG_WARN_BLOCK_CAPTURE_AUTORELEASING = YES;
				CLANG_WARN_BOOL_CONVERSION = YES;
				CLANG_WARN_COMMA = YES;
				CLANG_WARN_CONSTANT_CONVERSION = YES;
				CLANG_WARN_DIRECT_OBJC_ISA_USAGE = YES_ERROR;
				CLANG_WARN_DOCUMENTATION_COMMENTS = YES;
				CLANG_WARN_EMPTY_BODY = YES;
				CLANG_WARN_ENUM_CONVERSION = YES;
				CLANG_WARN_INFINITE_RECURSION = YES;
				CLANG_WARN_INT_CONVERSION = YES;
				CLANG_WARN_NON_LITERAL_NULL_CONVERSION = YES;
				CLANG_WARN_OBJC_LITERAL_CONVERSION = YES;
				CLANG_WARN_OBJC_ROOT_CLASS = YES_ERROR;
				CLANG_WARN_RANGE_LOOP_ANALYSIS = YES;
				CLANG_WARN_STRICT_PROTOTYPES = YES;
				CLANG_WARN_SUSPICIOUS_MOVE = YES;
				CLANG_WARN_UNGUARDED_AVAILABILITY = YES_AGGRESSIVE;
				CLANG_WARN_UNREACHABLE_CODE = YES;
				CLANG_WARN__DUPLICATE_METHOD_MATCH = YES;
				CODE_SIGN_IDENTITY = "iPhone Developer";
				COPY_PHASE_STRIP = NO;
				DEBUG_INFORMATION_FORMAT = dwarf;
				ENABLE_STRICT_OBJC_MSGSEND = YES;
				ENABLE_TESTABILITY = YES;
				GCC_C_LANGUAGE_STANDARD = gnu11;
				GCC_DYNAMIC_NO_PIC = NO;
				GCC_NO_COMMON_BLOCKS = YES;
				GCC_OPTIMIZATION_LEVEL = 0;
				GCC_PREPROCESSOR_DEFINITIONS = (
					"DEBUG=1",
					"$(inherited)",
				);
				GCC_WARN_64_TO_32_BIT_CONVERSION = YES;
				GCC_WARN_ABOUT_RETURN_TYPE = YES_ERROR;
				GCC_WARN_UNDECLARED_SELECTOR = YES;
				GCC_WARN_UNINITIALIZED_AUTOS = YES_AGGRESSIVE;
				GCC_WARN_UNUSED_FUNCTION = YES;
				GCC_WARN_UNUSED_VARIABLE = YES;
				IPHONEOS_DEPLOYMENT_TARGET = 11.2;
				MTL_ENABLE_DEBUG_INFO = YES;
				ONLY_ACTIVE_ARCH = YES;
				SDKROOT = iphoneos;
				SWIFT_ACTIVE_COMPILATION_CONDITIONS = DEBUG;
				SWIFT_OPTIMIZATION_LEVEL = "-Onone";
			};
			name = Debug;
		};
		E60AB5A620615F0200CA52D3 /* Release */ = {
			isa = XCBuildConfiguration;
			buildSettings = {
				ALWAYS_SEARCH_USER_PATHS = NO;
				CLANG_ANALYZER_NONNULL = YES;
				CLANG_ANALYZER_NUMBER_OBJECT_CONVERSION = YES_AGGRESSIVE;
				CLANG_CXX_LANGUAGE_STANDARD = "gnu++14";
				CLANG_CXX_LIBRARY = "libc++";
				CLANG_ENABLE_MODULES = YES;
				CLANG_ENABLE_OBJC_ARC = YES;
				CLANG_WARN_BLOCK_CAPTURE_AUTORELEASING = YES;
				CLANG_WARN_BOOL_CONVERSION = YES;
				CLANG_WARN_COMMA = YES;
				CLANG_WARN_CONSTANT_CONVERSION = YES;
				CLANG_WARN_DIRECT_OBJC_ISA_USAGE = YES_ERROR;
				CLANG_WARN_DOCUMENTATION_COMMENTS = YES;
				CLANG_WARN_EMPTY_BODY = YES;
				CLANG_WARN_ENUM_CONVERSION = YES;
				CLANG_WARN_INFINITE_RECURSION = YES;
				CLANG_WARN_INT_CONVERSION = YES;
				CLANG_WARN_NON_LITERAL_NULL_CONVERSION = YES;
				CLANG_WARN_OBJC_LITERAL_CONVERSION = YES;
				CLANG_WARN_OBJC_ROOT_CLASS = YES_ERROR;
				CLANG_WARN_RANGE_LOOP_ANALYSIS = YES;
				CLANG_WARN_STRICT_PROTOTYPES = YES;
				CLANG_WARN_SUSPICIOUS_MOVE = YES;
				CLANG_WARN_UNGUARDED_AVAILABILITY = YES_AGGRESSIVE;
				CLANG_WARN_UNREACHABLE_CODE = YES;
				CLANG_WARN__DUPLICATE_METHOD_MATCH = YES;
				CODE_SIGN_IDENTITY = "iPhone Developer";
				COPY_PHASE_STRIP = NO;
				DEBUG_INFORMATION_FORMAT = "dwarf-with-dsym";
				ENABLE_NS_ASSERTIONS = NO;
				ENABLE_STRICT_OBJC_MSGSEND = YES;
				GCC_C_LANGUAGE_STANDARD = gnu11;
				GCC_NO_COMMON_BLOCKS = YES;
				GCC_WARN_64_TO_32_BIT_CONVERSION = YES;
				GCC_WARN_ABOUT_RETURN_TYPE = YES_ERROR;
				GCC_WARN_UNDECLARED_SELECTOR = YES;
				GCC_WARN_UNINITIALIZED_AUTOS = YES_AGGRESSIVE;
				GCC_WARN_UNUSED_FUNCTION = YES;
				GCC_WARN_UNUSED_VARIABLE = YES;
				IPHONEOS_DEPLOYMENT_TARGET = 11.2;
				MTL_ENABLE_DEBUG_INFO = NO;
				SDKROOT = iphoneos;
				SWIFT_OPTIMIZATION_LEVEL = "-Owholemodule";
				VALIDATE_PRODUCT = YES;
			};
			name = Release;
		};
		E60AB5A820615F0200CA52D3 /* Debug */ = {
			isa = XCBuildConfiguration;
			buildSettings = {
				ASSETCATALOG_COMPILER_APPICON_NAME = AppIcon;
				CODE_SIGN_STYLE = Automatic;
				INFOPLIST_FILE = FunWithPaint/Info.plist;
				LD_RUNPATH_SEARCH_PATHS = "$(inherited) @executable_path/Frameworks";
				PRODUCT_BUNDLE_IDENTIFIER = avraghosh.com.FunWithPaint;
				PRODUCT_NAME = "$(TARGET_NAME)";
				SWIFT_VERSION = 4.0;
				TARGETED_DEVICE_FAMILY = "1,2";
			};
			name = Debug;
		};
		E60AB5A920615F0200CA52D3 /* Release */ = {
			isa = XCBuildConfiguration;
			buildSettings = {
				ASSETCATALOG_COMPILER_APPICON_NAME = AppIcon;
				CODE_SIGN_STYLE = Automatic;
				INFOPLIST_FILE = FunWithPaint/Info.plist;
				LD_RUNPATH_SEARCH_PATHS = "$(inherited) @executable_path/Frameworks";
				PRODUCT_BUNDLE_IDENTIFIER = avraghosh.com.FunWithPaint;
				PRODUCT_NAME = "$(TARGET_NAME)";
				SWIFT_VERSION = 4.0;
				TARGETED_DEVICE_FAMILY = "1,2";
			};
			name = Release;
		};
		E60AB5AB20615F0300CA52D3 /* Debug */ = {
			isa = XCBuildConfiguration;
			buildSettings = {
				ALWAYS_EMBED_SWIFT_STANDARD_LIBRARIES = YES;
				BUNDLE_LOADER = "$(TEST_HOST)";
				CODE_SIGN_STYLE = Automatic;
				INFOPLIST_FILE = FunWithPaintTests/Info.plist;
				LD_RUNPATH_SEARCH_PATHS = "$(inherited) @executable_path/Frameworks @loader_path/Frameworks";
				PRODUCT_BUNDLE_IDENTIFIER = avraghosh.com.FunWithPaintTests;
				PRODUCT_NAME = "$(TARGET_NAME)";
				SWIFT_VERSION = 4.0;
				TARGETED_DEVICE_FAMILY = "1,2";
				TEST_HOST = "$(BUILT_PRODUCTS_DIR)/FunWithPaint.app/FunWithPaint";
			};
			name = Debug;
		};
		E60AB5AC20615F0300CA52D3 /* Release */ = {
			isa = XCBuildConfiguration;
			buildSettings = {
				ALWAYS_EMBED_SWIFT_STANDARD_LIBRARIES = YES;
				BUNDLE_LOADER = "$(TEST_HOST)";
				CODE_SIGN_STYLE = Automatic;
				INFOPLIST_FILE = FunWithPaintTests/Info.plist;
				LD_RUNPATH_SEARCH_PATHS = "$(inherited) @executable_path/Frameworks @loader_path/Frameworks";
				PRODUCT_BUNDLE_IDENTIFIER = avraghosh.com.FunWithPaintTests;
				PRODUCT_NAME = "$(TARGET_NAME)";
				SWIFT_VERSION = 4.0;
				TARGETED_DEVICE_FAMILY = "1,2";
				TEST_HOST = "$(BUILT_PRODUCTS_DIR)/FunWithPaint.app/FunWithPaint";
			};
			name = Release;
		};
		E60AB5AE20615F0300CA52D3 /* Debug */ = {
			isa = XCBuildConfiguration;
			buildSettings = {
				ALWAYS_EMBED_SWIFT_STANDARD_LIBRARIES = YES;
				CODE_SIGN_STYLE = Automatic;
				INFOPLIST_FILE = FunWithPaintUITests/Info.plist;
				LD_RUNPATH_SEARCH_PATHS = "$(inherited) @executable_path/Frameworks @loader_path/Frameworks";
				PRODUCT_BUNDLE_IDENTIFIER = avraghosh.com.FunWithPaintUITests;
				PRODUCT_NAME = "$(TARGET_NAME)";
				SWIFT_VERSION = 4.0;
				TARGETED_DEVICE_FAMILY = "1,2";
				TEST_TARGET_NAME = FunWithPaint;
			};
			name = Debug;
		};
		E60AB5AF20615F0300CA52D3 /* Release */ = {
			isa = XCBuildConfiguration;
			buildSettings = {
				ALWAYS_EMBED_SWIFT_STANDARD_LIBRARIES = YES;
				CODE_SIGN_STYLE = Automatic;
				INFOPLIST_FILE = FunWithPaintUITests/Info.plist;
				LD_RUNPATH_SEARCH_PATHS = "$(inherited) @executable_path/Frameworks @loader_path/Frameworks";
				PRODUCT_BUNDLE_IDENTIFIER = avraghosh.com.FunWithPaintUITests;
				PRODUCT_NAME = "$(TARGET_NAME)";
				SWIFT_VERSION = 4.0;
				TARGETED_DEVICE_FAMILY = "1,2";
				TEST_TARGET_NAME = FunWithPaint;
			};
			name = Release;
		};
/* End XCBuildConfiguration section */

/* Begin XCConfigurationList section */
		E60AB57A20615F0100CA52D3 /* Build configuration list for PBXProject "FunWithPaint" */ = {
			isa = XCConfigurationList;
			buildConfigurations = (
				E60AB5A520615F0200CA52D3 /* Debug */,
				E60AB5A620615F0200CA52D3 /* Release */,
			);
			defaultConfigurationIsVisible = 0;
			defaultConfigurationName = Release;
		};
		E60AB5A720615F0200CA52D3 /* Build configuration list for PBXNativeTarget "FunWithPaint" */ = {
			isa = XCConfigurationList;
			buildConfigurations = (
				E60AB5A820615F0200CA52D3 /* Debug */,
				E60AB5A920615F0200CA52D3 /* Release */,
			);
			defaultConfigurationIsVisible = 0;
			defaultConfigurationName = Release;
		};
		E60AB5AA20615F0300CA52D3 /* Build configuration list for PBXNativeTarget "FunWithPaintTests" */ = {
			isa = XCConfigurationList;
			buildConfigurations = (
				E60AB5AB20615F0300CA52D3 /* Debug */,
				E60AB5AC20615F0300CA52D3 /* Release */,
			);
			defaultConfigurationIsVisible = 0;
			defaultConfigurationName = Release;
		};
		E60AB5AD20615F0300CA52D3 /* Build configuration list for PBXNativeTarget "FunWithPaintUITests" */ = {
			isa = XCConfigurationList;
			buildConfigurations = (
				E60AB5AE20615F0300CA52D3 /* Debug */,
				E60AB5AF20615F0300CA52D3 /* Release */,
			);
			defaultConfigurationIsVisible = 0;
			defaultConfigurationName = Release;
		};
/* End XCConfigurationList section */
	};
	rootObject = E60AB57720615F0100CA52D3 /* Project object */;
}
